# THIS IS AN AUTOGENERATED FILE. DO NOT EDIT THIS FILE DIRECTLY.
# yarn lockfile v1


systeminformation@^5.9.8:
  version "5.9.8"
  resolved "https://registry.npmjs.org/systeminformation/-/systeminformation-5.9.8.tgz#470d5781647418fd2f2ec945e507cd522a69d565"
  integrity sha512-Dt54Vuu4Q5pGCsBtbVjIzD3Lahek7qIL+2vqAPqcPtPAlFRPf+ef4VKB4F5AL5UmdjYm7NFCTnwjoiu7qtxmQQ==
